
Microsoft Visual Studio Solution File, Format Version 12.00
# Visual Studio Version 17
VisualStudioVersion = 17.10.35013.160
MinimumVisualStudioVersion = 10.0.40219.1
Project("{FAE04EC0-301F-11D3-BF4B-00C04F79EFBC}") = "C971-MS", "C971-MS.csproj", "{13091FEE-4ADA-4E12-A59B-A95D8D50E214}"
EndProject
Global
	GlobalSection(SolutionConfigurationPlatforms) = preSolution
		Debug|Any CPU = Debug|Any CPU
		Release|Any CPU = Release|Any CPU
	EndGlobalSection
	GlobalSection(ProjectConfigurationPlatforms) = postSolution
		{13091FEE-4ADA-4E12-A59B-A95D8D50E214}.Debug|Any CPU.ActiveCfg = Debug|Any CPU
		{13091FEE-4ADA-4E12-A59B-A95D8D50E214}.Debug|Any CPU.Build.0 = Debug|Any CPU
		{13091FEE-4ADA-4E12-A59B-A95D8D50E214}.Debug|Any CPU.Deploy.0 = Debug|Any CPU
		{13091FEE-4ADA-4E12-A59B-A95D8D50E214}.Release|Any CPU.ActiveCfg = Release|Any CPU
		{13091FEE-4ADA-4E12-A59B-A95D8D50E214}.Release|Any CPU.Build.0 = Release|Any CPU
		{13091FEE-4ADA-4E12-A59B-A95D8D50E214}.Release|Any CPU.Deploy.0 = Release|Any CPU
	EndGlobalSection
	GlobalSection(SolutionProperties) = preSolution
		HideSolutionNode = FALSE
	EndGlobalSection
	GlobalSection(ExtensibilityGlobals) = postSolution
		SolutionGuid = {DEB5F035-45FB-4DCF-A22D-3400436704E1}
	EndGlobalSection
EndGlobal
